// !$*UTF8*$!
{
	archiveVersion = 1;
	classes = {
	};
	objectVersion = 50;
	objects = {

/* Begin PBXBuildFile section */
		4F31A2AC21F6F556002C49DA /* AppDelegate.swift in Sources */ = {isa = PBXBuildFile; fileRef = 4F31A2AB21F6F556002C49DA /* AppDelegate.swift */; };
		4F31A2AE21F6F556002C49DA /* ViewController.swift in Sources */ = {isa = PBXBuildFile; fileRef = 4F31A2AD21F6F556002C49DA /* ViewController.swift */; };
		4F31A2B121F6F556002C49DA /* Main.storyboard in Resources */ = {isa = PBXBuildFile; fileRef = 4F31A2AF21F6F556002C49DA /* Main.storyboard */; };
		4F31A2B321F6F558002C49DA /* Assets.xcassets in Resources */ = {isa = PBXBuildFile; fileRef = 4F31A2B221F6F558002C49DA /* Assets.xcassets */; };
		4F31A2B621F6F558002C49DA /* LaunchScreen.storyboard in Resources */ = {isa = PBXBuildFile; fileRef = 4F31A2B421F6F558002C49DA /* LaunchScreen.storyboard */; };
		4F31A2C121F6F558002C49DA /* HelloWorldSwiftTests.swift in Sources */ = {isa = PBXBuildFile; fileRef = 4F31A2C021F6F558002C49DA /* HelloWorldSwiftTests.swift */; };
		4F31A2CC21F6F558002C49DA /* HelloWorldSwiftUITests.swift in Sources */ = {isa = PBXBuildFile; fileRef = 4F31A2CB21F6F558002C49DA /* HelloWorldSwiftUITests.swift */; };
		4F31A2DB21F6F7B9002C49DA /* CollectionView.swift in Sources */ = {isa = PBXBuildFile; fileRef = 4F31A2DA21F6F7B9002C49DA /* CollectionView.swift */; };
		4F31A2DD21F6F93A002C49DA /* Provider.swift in Sources */ = {isa = PBXBuildFile; fileRef = 4F31A2DC21F6F93A002C49DA /* Provider.swift */; };
		4F31A2DF21F6FEAF002C49DA /* Animator.swift in Sources */ = {isa = PBXBuildFile; fileRef = 4F31A2DE21F6FEAF002C49DA /* Animator.swift */; };
		4F31A2E121F70029002C49DA /* Util.swift in Sources */ = {isa = PBXBuildFile; fileRef = 4F31A2E021F70029002C49DA /* Util.swift */; };
		4F31A2E321F7074B002C49DA /* CollectionReloadable.swift in Sources */ = {isa = PBXBuildFile; fileRef = 4F31A2E221F7074B002C49DA /* CollectionReloadable.swift */; };
		4F31A2E521F70CF5002C49DA /* ItemProvider.swift in Sources */ = {isa = PBXBuildFile; fileRef = 4F31A2E421F70CF5002C49DA /* ItemProvider.swift */; };
		4F31A2E721F7206C002C49DA /* LayoutableProvider.swift in Sources */ = {isa = PBXBuildFile; fileRef = 4F31A2E621F7206C002C49DA /* LayoutableProvider.swift */; };
		4F31A2E921F808FF002C49DA /* EmptyCollectionProvider.swift in Sources */ = {isa = PBXBuildFile; fileRef = 4F31A2E821F808FF002C49DA /* EmptyCollectionProvider.swift */; };
		4FF2BE6721F83DDF00527C66 /* UIScrollView+CollectionKit.swift in Sources */ = {isa = PBXBuildFile; fileRef = 4FF2BE6621F83DDF00527C66 /* UIScrollView+CollectionKit.swift */; };
		4FF2BE6B21F85FB400527C66 /* FlattenedProvider.swift in Sources */ = {isa = PBXBuildFile; fileRef = 4FF2BE6A21F85FB400527C66 /* FlattenedProvider.swift */; };
		4FF2BE6D21F861A500527C66 /* SectionProvider.swift in Sources */ = {isa = PBXBuildFile; fileRef = 4FF2BE6C21F861A500527C66 /* SectionProvider.swift */; };
/* End PBXBuildFile section */

/* Begin PBXContainerItemProxy section */
		4F31A2BD21F6F558002C49DA /* PBXContainerItemProxy */ = {
			isa = PBXContainerItemProxy;
			containerPortal = 4F31A2A021F6F555002C49DA /* Project object */;
			proxyType = 1;
			remoteGlobalIDString = 4F31A2A721F6F556002C49DA;
			remoteInfo = HelloWorldSwift;
		};
		4F31A2C821F6F558002C49DA /* PBXContainerItemProxy */ = {
			isa = PBXContainerItemProxy;
			containerPortal = 4F31A2A021F6F555002C49DA /* Project object */;
			proxyType = 1;
			remoteGlobalIDString = 4F31A2A721F6F556002C49DA;
			remoteInfo = HelloWorldSwift;
		};
/* End PBXContainerItemProxy section */

/* Begin PBXFileReference section */
		4F31A2A821F6F556002C49DA /* HelloWorldSwift.app */ = {isa = PBXFileReference; explicitFileType = wrapper.application; includeInIndex = 0; path = HelloWorldSwift.app; sourceTree = BUILT_PRODUCTS_DIR; };
		4F31A2AB21F6F556002C49DA /* AppDelegate.swift */ = {isa = PBXFileReference; lastKnownFileType = sourcecode.swift; path = AppDelegate.swift; sourceTree = "<group>"; };
		4F31A2AD21F6F556002C49DA /* ViewController.swift */ = {isa = PBXFileReference; lastKnownFileType = sourcecode.swift; path = ViewController.swift; sourceTree = "<group>"; };
		4F31A2B021F6F556002C49DA /* Base */ = {isa = PBXFileReference; lastKnownFileType = file.storyboard; name = Base; path = Base.lproj/Main.storyboard; sourceTree = "<group>"; };
		4F31A2B221F6F558002C49DA /* Assets.xcassets */ = {isa = PBXFileReference; lastKnownFileType = folder.assetcatalog; path = Assets.xcassets; sourceTree = "<group>"; };
		4F31A2B521F6F558002C49DA /* Base */ = {isa = PBXFileReference; lastKnownFileType = file.storyboard; name = Base; path = Base.lproj/LaunchScreen.storyboard; sourceTree = "<group>"; };
		4F31A2B721F6F558002C49DA /* Info.plist */ = {isa = PBXFileReference; lastKnownFileType = text.plist.xml; path = Info.plist; sourceTree = "<group>"; };
		4F31A2BC21F6F558002C49DA /* HelloWorldSwiftTests.xctest */ = {isa = PBXFileReference; explicitFileType = wrapper.cfbundle; includeInIndex = 0; path = HelloWorldSwiftTests.xctest; sourceTree = BUILT_PRODUCTS_DIR; };
		4F31A2C021F6F558002C49DA /* HelloWorldSwiftTests.swift */ = {isa = PBXFileReference; lastKnownFileType = sourcecode.swift; path = HelloWorldSwiftTests.swift; sourceTree = "<group>"; };
		4F31A2C221F6F558002C49DA /* Info.plist */ = {isa = PBXFileReference; lastKnownFileType = text.plist.xml; path = Info.plist; sourceTree = "<group>"; };
		4F31A2C721F6F558002C49DA /* HelloWorldSwiftUITests.xctest */ = {isa = PBXFileReference; explicitFileType = wrapper.cfbundle; includeInIndex = 0; path = HelloWorldSwiftUITests.xctest; sourceTree = BUILT_PRODUCTS_DIR; };
		4F31A2CB21F6F558002C49DA /* HelloWorldSwiftUITests.swift */ = {isa = PBXFileReference; lastKnownFileType = sourcecode.swift; path = HelloWorldSwiftUITests.swift; sourceTree = "<group>"; };
		4F31A2CD21F6F558002C49DA /* Info.plist */ = {isa = PBXFileReference; lastKnownFileType = text.plist.xml; path = Info.plist; sourceTree = "<group>"; };
		4F31A2DA21F6F7B9002C49DA /* CollectionView.swift */ = {isa = PBXFileReference; lastKnownFileType = sourcecode.swift; path = CollectionView.swift; sourceTree = "<group>"; };
		4F31A2DC21F6F93A002C49DA /* Provider.swift */ = {isa = PBXFileReference; lastKnownFileType = sourcecode.swift; path = Provider.swift; sourceTree = "<group>"; };
		4F31A2DE21F6FEAF002C49DA /* Animator.swift */ = {isa = PBXFileReference; lastKnownFileType = sourcecode.swift; path = Animator.swift; sourceTree = "<group>"; };
		4F31A2E021F70029002C49DA /* Util.swift */ = {isa = PBXFileReference; lastKnownFileType = sourcecode.swift; path = Util.swift; sourceTree = "<group>"; };
		4F31A2E221F7074B002C49DA /* CollectionReloadable.swift */ = {isa = PBXFileReference; lastKnownFileType = sourcecode.swift; path = CollectionReloadable.swift; sourceTree = "<group>"; };
		4F31A2E421F70CF5002C49DA /* ItemProvider.swift */ = {isa = PBXFileReference; lastKnownFileType = sourcecode.swift; path = ItemProvider.swift; sourceTree = "<group>"; };
		4F31A2E621F7206C002C49DA /* LayoutableProvider.swift */ = {isa = PBXFileReference; lastKnownFileType = sourcecode.swift; path = LayoutableProvider.swift; sourceTree = "<group>"; };
		4F31A2E821F808FF002C49DA /* EmptyCollectionProvider.swift */ = {isa = PBXFileReference; lastKnownFileType = sourcecode.swift; path = EmptyCollectionProvider.swift; sourceTree = "<group>"; };
		4FF2BE6621F83DDF00527C66 /* UIScrollView+CollectionKit.swift */ = {isa = PBXFileReference; lastKnownFileType = sourcecode.swift; path = "UIScrollView+CollectionKit.swift"; sourceTree = "<group>"; };
		4FF2BE6A21F85FB400527C66 /* FlattenedProvider.swift */ = {isa = PBXFileReference; lastKnownFileType = sourcecode.swift; path = FlattenedProvider.swift; sourceTree = "<group>"; };
		4FF2BE6C21F861A500527C66 /* SectionProvider.swift */ = {isa = PBXFileReference; lastKnownFileType = sourcecode.swift; path = SectionProvider.swift; sourceTree = "<group>"; };
/* End PBXFileReference section */

/* Begin PBXFrameworksBuildPhase section */
		4F31A2A521F6F556002C49DA /* Frameworks */ = {
			isa = PBXFrameworksBuildPhase;
			buildActionMask = 2147483647;
			files = (
			);
			runOnlyForDeploymentPostprocessing = 0;
		};
		4F31A2B921F6F558002C49DA /* Frameworks */ = {
			isa = PBXFrameworksBuildPhase;
			buildActionMask = 2147483647;
			files = (
			);
			runOnlyForDeploymentPostprocessing = 0;
		};
		4F31A2C421F6F558002C49DA /* Frameworks */ = {
			isa = PBXFrameworksBuildPhase;
			buildActionMask = 2147483647;
			files = (
			);
			runOnlyForDeploymentPostprocessing = 0;
		};
/* End PBXFrameworksBuildPhase section */

/* Begin PBXGroup section */
		4F31A29F21F6F555002C49DA = {
			isa = PBXGroup;
			children = (
				4F31A2D921F6F71C002C49DA /* Source */,
				4F31A2AA21F6F556002C49DA /* HelloWorldSwift */,
				4F31A2BF21F6F558002C49DA /* HelloWorldSwiftTests */,
				4F31A2CA21F6F558002C49DA /* HelloWorldSwiftUITests */,
				4F31A2A921F6F556002C49DA /* Products */,
			);
			sourceTree = "<group>";
		};
		4F31A2A921F6F556002C49DA /* Products */ = {
			isa = PBXGroup;
			children = (
				4F31A2A821F6F556002C49DA /* HelloWorldSwift.app */,
				4F31A2BC21F6F558002C49DA /* HelloWorldSwiftTests.xctest */,
				4F31A2C721F6F558002C49DA /* HelloWorldSwiftUITests.xctest */,
			);
			name = Products;
			sourceTree = "<group>";
		};
		4F31A2AA21F6F556002C49DA /* HelloWorldSwift */ = {
			isa = PBXGroup;
			children = (
				4F31A2AB21F6F556002C49DA /* AppDelegate.swift */,
				4F31A2AD21F6F556002C49DA /* ViewController.swift */,
				4F31A2AF21F6F556002C49DA /* Main.storyboard */,
				4F31A2B221F6F558002C49DA /* Assets.xcassets */,
				4F31A2B421F6F558002C49DA /* LaunchScreen.storyboard */,
				4F31A2B721F6F558002C49DA /* Info.plist */,
			);
			path = HelloWorldSwift;
			sourceTree = "<group>";
		};
		4F31A2BF21F6F558002C49DA /* HelloWorldSwiftTests */ = {
			isa = PBXGroup;
			children = (
				4F31A2C021F6F558002C49DA /* HelloWorldSwiftTests.swift */,
				4F31A2C221F6F558002C49DA /* Info.plist */,
			);
			path = HelloWorldSwiftTests;
			sourceTree = "<group>";
		};
		4F31A2CA21F6F558002C49DA /* HelloWorldSwiftUITests */ = {
			isa = PBXGroup;
			children = (
				4F31A2CB21F6F558002C49DA /* HelloWorldSwiftUITests.swift */,
				4F31A2CD21F6F558002C49DA /* Info.plist */,
			);
			path = HelloWorldSwiftUITests;
			sourceTree = "<group>";
		};
		4F31A2D921F6F71C002C49DA /* Source */ = {
			isa = PBXGroup;
			children = (
				4FF2BE6921F85F8700527C66 /* Protocol */,
				4FF2BE6821F85F5700527C66 /* Provider */,
				4F31A2DA21F6F7B9002C49DA /* CollectionView.swift */,
				4F31A2DE21F6FEAF002C49DA /* Animator.swift */,
				4F31A2E021F70029002C49DA /* Util.swift */,
				4F31A2E221F7074B002C49DA /* CollectionReloadable.swift */,
				4F31A2E421F70CF5002C49DA /* ItemProvider.swift */,
				4F31A2E621F7206C002C49DA /* LayoutableProvider.swift */,
				4F31A2E821F808FF002C49DA /* EmptyCollectionProvider.swift */,
				4FF2BE6621F83DDF00527C66 /* UIScrollView+CollectionKit.swift */,
			);
			path = Source;
			sourceTree = "<group>";
		};
		4FF2BE6821F85F5700527C66 /* Provider */ = {
			isa = PBXGroup;
			children = (
				4FF2BE6A21F85FB400527C66 /* FlattenedProvider.swift */,
			);
			path = Provider;
			sourceTree = "<group>";
		};
		4FF2BE6921F85F8700527C66 /* Protocol */ = {
			isa = PBXGroup;
			children = (
				4F31A2DC21F6F93A002C49DA /* Provider.swift */,
				4FF2BE6C21F861A500527C66 /* SectionProvider.swift */,
			);
			path = Protocol;
			sourceTree = "<group>";
		};
/* End PBXGroup section */

/* Begin PBXNativeTarget section */
		4F31A2A721F6F556002C49DA /* HelloWorldSwift */ = {
			isa = PBXNativeTarget;
			buildConfigurationList = 4F31A2D021F6F558002C49DA /* Build configuration list for PBXNativeTarget "HelloWorldSwift" */;
			buildPhases = (
				4F31A2A421F6F556002C49DA /* Sources */,
				4F31A2A521F6F556002C49DA /* Frameworks */,
				4F31A2A621F6F556002C49DA /* Resources */,
			);
			buildRules = (
			);
			dependencies = (
			);
			name = HelloWorldSwift;
			productName = HelloWorldSwift;
			productReference = 4F31A2A821F6F556002C49DA /* HelloWorldSwift.app */;
			productType = "com.apple.product-type.application";
		};
		4F31A2BB21F6F558002C49DA /* HelloWorldSwiftTests */ = {
			isa = PBXNativeTarget;
			buildConfigurationList = 4F31A2D321F6F558002C49DA /* Build configuration list for PBXNativeTarget "HelloWorldSwiftTests" */;
			buildPhases = (
				4F31A2B821F6F558002C49DA /* Sources */,
				4F31A2B921F6F558002C49DA /* Frameworks */,
				4F31A2BA21F6F558002C49DA /* Resources */,
			);
			buildRules = (
			);
			dependencies = (
				4F31A2BE21F6F558002C49DA /* PBXTargetDependency */,
			);
			name = HelloWorldSwiftTests;
			productName = HelloWorldSwiftTests;
			productReference = 4F31A2BC21F6F558002C49DA /* HelloWorldSwiftTests.xctest */;
			productType = "com.apple.product-type.bundle.unit-test";
		};
		4F31A2C621F6F558002C49DA /* HelloWorldSwiftUITests */ = {
			isa = PBXNativeTarget;
			buildConfigurationList = 4F31A2D621F6F558002C49DA /* Build configuration list for PBXNativeTarget "HelloWorldSwiftUITests" */;
			buildPhases = (
				4F31A2C321F6F558002C49DA /* Sources */,
				4F31A2C421F6F558002C49DA /* Frameworks */,
				4F31A2C521F6F558002C49DA /* Resources */,
			);
			buildRules = (
			);
			dependencies = (
				4F31A2C921F6F558002C49DA /* PBXTargetDependency */,
			);
			name = HelloWorldSwiftUITests;
			productName = HelloWorldSwiftUITests;
			productReference = 4F31A2C721F6F558002C49DA /* HelloWorldSwiftUITests.xctest */;
			productType = "com.apple.product-type.bundle.ui-testing";
		};
/* End PBXNativeTarget section */

/* Begin PBXProject section */
		4F31A2A021F6F555002C49DA /* Project object */ = {
			isa = PBXProject;
			attributes = {
				LastSwiftUpdateCheck = 1010;
				LastUpgradeCheck = 1010;
				ORGANIZATIONNAME = "liu kai";
				TargetAttributes = {
					4F31A2A721F6F556002C49DA = {
						CreatedOnToolsVersion = 10.1;
					};
					4F31A2BB21F6F558002C49DA = {
						CreatedOnToolsVersion = 10.1;
						TestTargetID = 4F31A2A721F6F556002C49DA;
					};
					4F31A2C621F6F558002C49DA = {
						CreatedOnToolsVersion = 10.1;
						TestTargetID = 4F31A2A721F6F556002C49DA;
					};
				};
			};
			buildConfigurationList = 4F31A2A321F6F555002C49DA /* Build configuration list for PBXProject "HelloWorldSwift" */;
			compatibilityVersion = "Xcode 9.3";
			developmentRegion = en;
			hasScannedForEncodings = 0;
			knownRegions = (
				en,
				Base,
			);
			mainGroup = 4F31A29F21F6F555002C49DA;
			productRefGroup = 4F31A2A921F6F556002C49DA /* Products */;
			projectDirPath = "";
			projectRoot = "";
			targets = (
				4F31A2A721F6F556002C49DA /* HelloWorldSwift */,
				4F31A2BB21F6F558002C49DA /* HelloWorldSwiftTests */,
				4F31A2C621F6F558002C49DA /* HelloWorldSwiftUITests */,
			);
		};
/* End PBXProject section */

/* Begin PBXResourcesBuildPhase section */
		4F31A2A621F6F556002C49DA /* Resources */ = {
			isa = PBXResourcesBuildPhase;
			buildActionMask = 2147483647;
			files = (
				4F31A2B621F6F558002C49DA /* LaunchScreen.storyboard in Resources */,
				4F31A2B321F6F558002C49DA /* Assets.xcassets in Resources */,
				4F31A2B121F6F556002C49DA /* Main.storyboard in Resources */,
			);
			runOnlyForDeploymentPostprocessing = 0;
		};
		4F31A2BA21F6F558002C49DA /* Resources */ = {
			isa = PBXResourcesBuildPhase;
			buildActionMask = 2147483647;
			files = (
			);
			runOnlyForDeploymentPostprocessing = 0;
		};
		4F31A2C521F6F558002C49DA /* Resources */ = {
			isa = PBXResourcesBuildPhase;
			buildActionMask = 2147483647;
			files = (
			);
			runOnlyForDeploymentPostprocessing = 0;
		};
/* End PBXResourcesBuildPhase section */

/* Begin PBXSourcesBuildPhase section */
		4F31A2A421F6F556002C49DA /* Sources */ = {
			isa = PBXSourcesBuildPhase;
			buildActionMask = 2147483647;
			files = (
				4FF2BE6B21F85FB400527C66 /* FlattenedProvider.swift in Sources */,
				4F31A2DF21F6FEAF002C49DA /* Animator.swift in Sources */,
				4FF2BE6721F83DDF00527C66 /* UIScrollView+CollectionKit.swift in Sources */,
				4F31A2E121F70029002C49DA /* Util.swift in Sources */,
				4FF2BE6D21F861A500527C66 /* SectionProvider.swift in Sources */,
				4F31A2DD21F6F93A002C49DA /* Provider.swift in Sources */,
				4F31A2DB21F6F7B9002C49DA /* CollectionView.swift in Sources */,
				4F31A2E921F808FF002C49DA /* EmptyCollectionProvider.swift in Sources */,
				4F31A2E321F7074B002C49DA /* CollectionReloadable.swift in Sources */,
				4F31A2AE21F6F556002C49DA /* ViewController.swift in Sources */,
				4F31A2AC21F6F556002C49DA /* AppDelegate.swift in Sources */,
				4F31A2E521F70CF5002C49DA /* ItemProvider.swift in Sources */,
				4F31A2E721F7206C002C49DA /* LayoutableProvider.swift in Sources */,
			);
			runOnlyForDeploymentPostprocessing = 0;
		};
		4F31A2B821F6F558002C49DA /* Sources */ = {
			isa = PBXSourcesBuildPhase;
			buildActionMask = 2147483647;
			files = (
				4F31A2C121F6F558002C49DA /* HelloWorldSwiftTests.swift in Sources */,
			);
			runOnlyForDeploymentPostprocessing = 0;
		};
		4F31A2C321F6F558002C49DA /* Sources */ = {
			isa = PBXSourcesBuildPhase;
			buildActionMask = 2147483647;
			files = (
				4F31A2CC21F6F558002C49DA /* HelloWorldSwiftUITests.swift in Sources */,
			);
			runOnlyForDeploymentPostprocessing = 0;
		};
/* End PBXSourcesBuildPhase section */

/* Begin PBXTargetDependency section */
		4F31A2BE21F6F558002C49DA /* PBXTargetDependency */ = {
			isa = PBXTargetDependency;
			target = 4F31A2A721F6F556002C49DA /* HelloWorldSwift */;
			targetProxy = 4F31A2BD21F6F558002C49DA /* PBXContainerItemProxy */;
		};
		4F31A2C921F6F558002C49DA /* PBXTargetDependency */ = {
			isa = PBXTargetDependency;
			target = 4F31A2A721F6F556002C49DA /* HelloWorldSwift */;
			targetProxy = 4F31A2C821F6F558002C49DA /* PBXContainerItemProxy */;
		};
/* End PBXTargetDependency section */

/* Begin PBXVariantGroup section */
		4F31A2AF21F6F556002C49DA /* Main.storyboard */ = {
			isa = PBXVariantGroup;
			children = (
				4F31A2B021F6F556002C49DA /* Base */,
			);
			name = Main.storyboard;
			sourceTree = "<group>";
		};
		4F31A2B421F6F558002C49DA /* LaunchScreen.storyboard */ = {
			isa = PBXVariantGroup;
			children = (
				4F31A2B521F6F558002C49DA /* Base */,
			);
			name = LaunchScreen.storyboard;
			sourceTree = "<group>";
		};
/* End PBXVariantGroup section */

/* Begin XCBuildConfiguration section */
		4F31A2CE21F6F558002C49DA /* Debug */ = {
			isa = XCBuildConfiguration;
			buildSettings = {
				ALWAYS_SEARCH_USER_PATHS = NO;
				CLANG_ANALYZER_NONNULL = YES;
				CLANG_ANALYZER_NUMBER_OBJECT_CONVERSION = YES_AGGRESSIVE;
				CLANG_CXX_LANGUAGE_STANDARD = "gnu++14";
				CLANG_CXX_LIBRARY = "libc++";
				CLANG_ENABLE_MODULES = YES;
				CLANG_ENABLE_OBJC_ARC = YES;
				CLANG_ENABLE_OBJC_WEAK = YES;
				CLANG_WARN_BLOCK_CAPTURE_AUTORELEASING = YES;
				CLANG_WARN_BOOL_CONVERSION = YES;
				CLANG_WARN_COMMA = YES;
				CLANG_WARN_CONSTANT_CONVERSION = YES;
				CLANG_WARN_DEPRECATED_OBJC_IMPLEMENTATIONS = YES;
				CLANG_WARN_DIRECT_OBJC_ISA_USAGE = YES_ERROR;
				CLANG_WARN_DOCUMENTATION_COMMENTS = YES;
				CLANG_WARN_EMPTY_BODY = YES;
				CLANG_WARN_ENUM_CONVERSION = YES;
				CLANG_WARN_INFINITE_RECURSION = YES;
				CLANG_WARN_INT_CONVERSION = YES;
				CLANG_WARN_NON_LITERAL_NULL_CONVERSION = YES;
				CLANG_WARN_OBJC_IMPLICIT_RETAIN_SELF = YES;
				CLANG_WARN_OBJC_LITERAL_CONVERSION = YES;
				CLANG_WARN_OBJC_ROOT_CLASS = YES_ERROR;
				CLANG_WARN_RANGE_LOOP_ANALYSIS = YES;
				CLANG_WARN_STRICT_PROTOTYPES = YES;
				CLANG_WARN_SUSPICIOUS_MOVE = YES;
				CLANG_WARN_UNGUARDED_AVAILABILITY = YES_AGGRESSIVE;
				CLANG_WARN_UNREACHABLE_CODE = YES;
				CLANG_WARN__DUPLICATE_METHOD_MATCH = YES;
				CODE_SIGN_IDENTITY = "iPhone Developer";
				COPY_PHASE_STRIP = NO;
				DEBUG_INFORMATION_FORMAT = dwarf;
				ENABLE_STRICT_OBJC_MSGSEND = YES;
				ENABLE_TESTABILITY = YES;
				GCC_C_LANGUAGE_STANDARD = gnu11;
				GCC_DYNAMIC_NO_PIC = NO;
				GCC_NO_COMMON_BLOCKS = YES;
				GCC_OPTIMIZATION_LEVEL = 0;
				GCC_PREPROCESSOR_DEFINITIONS = (
					"DEBUG=1",
					"$(inherited)",
				);
				GCC_WARN_64_TO_32_BIT_CONVERSION = YES;
				GCC_WARN_ABOUT_RETURN_TYPE = YES_ERROR;
				GCC_WARN_UNDECLARED_SELECTOR = YES;
				GCC_WARN_UNINITIALIZED_AUTOS = YES_AGGRESSIVE;
				GCC_WARN_UNUSED_FUNCTION = YES;
				GCC_WARN_UNUSED_VARIABLE = YES;
				IPHONEOS_DEPLOYMENT_TARGET = 12.1;
				MTL_ENABLE_DEBUG_INFO = INCLUDE_SOURCE;
				MTL_FAST_MATH = YES;
				ONLY_ACTIVE_ARCH = YES;
				SDKROOT = iphoneos;
				SWIFT_ACTIVE_COMPILATION_CONDITIONS = DEBUG;
				SWIFT_OPTIMIZATION_LEVEL = "-Onone";
			};
			name = Debug;
		};
		4F31A2CF21F6F558002C49DA /* Release */ = {
			isa = XCBuildConfiguration;
			buildSettings = {
				ALWAYS_SEARCH_USER_PATHS = NO;
				CLANG_ANALYZER_NONNULL = YES;
				CLANG_ANALYZER_NUMBER_OBJECT_CONVERSION = YES_AGGRESSIVE;
				CLANG_CXX_LANGUAGE_STANDARD = "gnu++14";
				CLANG_CXX_LIBRARY = "libc++";
				CLANG_ENABLE_MODULES = YES;
				CLANG_ENABLE_OBJC_ARC = YES;
				CLANG_ENABLE_OBJC_WEAK = YES;
				CLANG_WARN_BLOCK_CAPTURE_AUTORELEASING = YES;
				CLANG_WARN_BOOL_CONVERSION = YES;
				CLANG_WARN_COMMA = YES;
				CLANG_WARN_CONSTANT_CONVERSION = YES;
				CLANG_WARN_DEPRECATED_OBJC_IMPLEMENTATIONS = YES;
				CLANG_WARN_DIRECT_OBJC_ISA_USAGE = YES_ERROR;
				CLANG_WARN_DOCUMENTATION_COMMENTS = YES;
				CLANG_WARN_EMPTY_BODY = YES;
				CLANG_WARN_ENUM_CONVERSION = YES;
				CLANG_WARN_INFINITE_RECURSION = YES;
				CLANG_WARN_INT_CONVERSION = YES;
				CLANG_WARN_NON_LITERAL_NULL_CONVERSION = YES;
				CLANG_WARN_OBJC_IMPLICIT_RETAIN_SELF = YES;
				CLANG_WARN_OBJC_LITERAL_CONVERSION = YES;
				CLANG_WARN_OBJC_ROOT_CLASS = YES_ERROR;
				CLANG_WARN_RANGE_LOOP_ANALYSIS = YES;
				CLANG_WARN_STRICT_PROTOTYPES = YES;
				CLANG_WARN_SUSPICIOUS_MOVE = YES;
				CLANG_WARN_UNGUARDED_AVAILABILITY = YES_AGGRESSIVE;
				CLANG_WARN_UNREACHABLE_CODE = YES;
				CLANG_WARN__DUPLICATE_METHOD_MATCH = YES;
				CODE_SIGN_IDENTITY = "iPhone Developer";
				COPY_PHASE_STRIP = NO;
				DEBUG_INFORMATION_FORMAT = "dwarf-with-dsym";
				ENABLE_NS_ASSERTIONS = NO;
				ENABLE_STRICT_OBJC_MSGSEND = YES;
				GCC_C_LANGUAGE_STANDARD = gnu11;
				GCC_NO_COMMON_BLOCKS = YES;
				GCC_WARN_64_TO_32_BIT_CONVERSION = YES;
				GCC_WARN_ABOUT_RETURN_TYPE = YES_ERROR;
				GCC_WARN_UNDECLARED_SELECTOR = YES;
				GCC_WARN_UNINITIALIZED_AUTOS = YES_AGGRESSIVE;
				GCC_WARN_UNUSED_FUNCTION = YES;
				GCC_WARN_UNUSED_VARIABLE = YES;
				IPHONEOS_DEPLOYMENT_TARGET = 12.1;
				MTL_ENABLE_DEBUG_INFO = NO;
				MTL_FAST_MATH = YES;
				SDKROOT = iphoneos;
				SWIFT_COMPILATION_MODE = wholemodule;
				SWIFT_OPTIMIZATION_LEVEL = "-O";
				VALIDATE_PRODUCT = YES;
			};
			name = Release;
		};
		4F31A2D121F6F558002C49DA /* Debug */ = {
			isa = XCBuildConfiguration;
			buildSettings = {
				ASSETCATALOG_COMPILER_APPICON_NAME = AppIcon;
				CODE_SIGN_STYLE = Automatic;
				DEVELOPMENT_TEAM = 53XMQ3SUNV;
				INFOPLIST_FILE = HelloWorldSwift/Info.plist;
				LD_RUNPATH_SEARCH_PATHS = (
					"$(inherited)",
					"@executable_path/Frameworks",
				);
				PRODUCT_BUNDLE_IDENTIFIER = com.liukai.practice.HelloWorldSwift;
				PRODUCT_NAME = "$(TARGET_NAME)";
				SWIFT_VERSION = 4.2;
				TARGETED_DEVICE_FAMILY = "1,2";
			};
			name = Debug;
		};
		4F31A2D221F6F558002C49DA /* Release */ = {
			isa = XCBuildConfiguration;
			buildSettings = {
				ASSETCATALOG_COMPILER_APPICON_NAME = AppIcon;
				CODE_SIGN_STYLE = Automatic;
				DEVELOPMENT_TEAM = 53XMQ3SUNV;
				INFOPLIST_FILE = HelloWorldSwift/Info.plist;
				LD_RUNPATH_SEARCH_PATHS = (
					"$(inherited)",
					"@executable_path/Frameworks",
				);
				PRODUCT_BUNDLE_IDENTIFIER = com.liukai.practice.HelloWorldSwift;
				PRODUCT_NAME = "$(TARGET_NAME)";
				SWIFT_VERSION = 4.2;
				TARGETED_DEVICE_FAMILY = "1,2";
			};
			name = Release;
		};
		4F31A2D421F6F558002C49DA /* Debug */ = {
			isa = XCBuildConfiguration;
			buildSettings = {
				ALWAYS_EMBED_SWIFT_STANDARD_LIBRARIES = YES;
				BUNDLE_LOADER = "$(TEST_HOST)";
				CODE_SIGN_STYLE = Automatic;
				DEVELOPMENT_TEAM = 53XMQ3SUNV;
				INFOPLIST_FILE = HelloWorldSwiftTests/Info.plist;
				LD_RUNPATH_SEARCH_PATHS = (
					"$(inherited)",
					"@executable_path/Frameworks",
					"@loader_path/Frameworks",
				);
				PRODUCT_BUNDLE_IDENTIFIER = com.liukai.practice.HelloWorldSwiftTests;
				PRODUCT_NAME = "$(TARGET_NAME)";
				SWIFT_VERSION = 4.2;
				TARGETED_DEVICE_FAMILY = "1,2";
				TEST_HOST = "$(BUILT_PRODUCTS_DIR)/HelloWorldSwift.app/HelloWorldSwift";
			};
			name = Debug;
		};
		4F31A2D521F6F558002C49DA /* Release */ = {
			isa = XCBuildConfiguration;
			buildSettings = {
				ALWAYS_EMBED_SWIFT_STANDARD_LIBRARIES = YES;
				BUNDLE_LOADER = "$(TEST_HOST)";
				CODE_SIGN_STYLE = Automatic;
				DEVELOPMENT_TEAM = 53XMQ3SUNV;
				INFOPLIST_FILE = HelloWorldSwiftTests/Info.plist;
				LD_RUNPATH_SEARCH_PATHS = (
					"$(inherited)",
					"@executable_path/Frameworks",
					"@loader_path/Frameworks",
				);
				PRODUCT_BUNDLE_IDENTIFIER = com.liukai.practice.HelloWorldSwiftTests;
				PRODUCT_NAME = "$(TARGET_NAME)";
				SWIFT_VERSION = 4.2;
				TARGETED_DEVICE_FAMILY = "1,2";
				TEST_HOST = "$(BUILT_PRODUCTS_DIR)/HelloWorldSwift.app/HelloWorldSwift";
			};
			name = Release;
		};
		4F31A2D721F6F558002C49DA /* Debug */ = {
			isa = XCBuildConfiguration;
			buildSettings = {
				ALWAYS_EMBED_SWIFT_STANDARD_LIBRARIES = YES;
				CODE_SIGN_STYLE = Automatic;
				DEVELOPMENT_TEAM = 53XMQ3SUNV;
				INFOPLIST_FILE = HelloWorldSwiftUITests/Info.plist;
				LD_RUNPATH_SEARCH_PATHS = (
					"$(inherited)",
					"@executable_path/Frameworks",
					"@loader_path/Frameworks",
				);
				PRODUCT_BUNDLE_IDENTIFIER = com.liukai.practice.HelloWorldSwiftUITests;
				PRODUCT_NAME = "$(TARGET_NAME)";
				SWIFT_VERSION = 4.2;
				TARGETED_DEVICE_FAMILY = "1,2";
				TEST_TARGET_NAME = HelloWorldSwift;
			};
			name = Debug;
		};
		4F31A2D821F6F558002C49DA /* Release */ = {
			isa = XCBuildConfiguration;
			buildSettings = {
				ALWAYS_EMBED_SWIFT_STANDARD_LIBRARIES = YES;
				CODE_SIGN_STYLE = Automatic;
				DEVELOPMENT_TEAM = 53XMQ3SUNV;
				INFOPLIST_FILE = HelloWorldSwiftUITests/Info.plist;
				LD_RUNPATH_SEARCH_PATHS = (
					"$(inherited)",
					"@executable_path/Frameworks",
					"@loader_path/Frameworks",
				);
				PRODUCT_BUNDLE_IDENTIFIER = com.liukai.practice.HelloWorldSwiftUITests;
				PRODUCT_NAME = "$(TARGET_NAME)";
				SWIFT_VERSION = 4.2;
				TARGETED_DEVICE_FAMILY = "1,2";
				TEST_TARGET_NAME = HelloWorldSwift;
			};
			name = Release;
		};
/* End XCBuildConfiguration section */

/* Begin XCConfigurationList section */
		4F31A2A321F6F555002C49DA /* Build configuration list for PBXProject "HelloWorldSwift" */ = {
			isa = XCConfigurationList;
			buildConfigurations = (
				4F31A2CE21F6F558002C49DA /* Debug */,
				4F31A2CF21F6F558002C49DA /* Release */,
			);
			defaultConfigurationIsVisible = 0;
			defaultConfigurationName = Release;
		};
		4F31A2D021F6F558002C49DA /* Build configuration list for PBXNativeTarget "HelloWorldSwift" */ = {
			isa = XCConfigurationList;
			buildConfigurations = (
				4F31A2D121F6F558002C49DA /* Debug */,
				4F31A2D221F6F558002C49DA /* Release */,
			);
			defaultConfigurationIsVisible = 0;
			defaultConfigurationName = Release;
		};
		4F31A2D321F6F558002C49DA /* Build configuration list for PBXNativeTarget "HelloWorldSwiftTests" */ = {
			isa = XCConfigurationList;
			buildConfigurations = (
				4F31A2D421F6F558002C49DA /* Debug */,
				4F31A2D521F6F558002C49DA /* Release */,
			);
			defaultConfigurationIsVisible = 0;
			defaultConfigurationName = Release;
		};
		4F31A2D621F6F558002C49DA /* Build configuration list for PBXNativeTarget "HelloWorldSwiftUITests" */ = {
			isa = XCConfigurationList;
			buildConfigurations = (
				4F31A2D721F6F558002C49DA /* Debug */,
				4F31A2D821F6F558002C49DA /* Release */,
			);
			defaultConfigurationIsVisible = 0;
			defaultConfigurationName = Release;
		};
/* End XCConfigurationList section */
	};
	rootObject = 4F31A2A021F6F555002C49DA /* Project object */;
}
